
Microsoft Visual Studio Solution File, Format Version 12.00
# Visual Studio Version 17
VisualStudioVersion = 17.9.34607.119
MinimumVisualStudioVersion = 10.0.40219.1
Project("{FAE04EC0-301F-11D3-BF4B-00C04F79EFBC}") = "TheWebApiServer", "TheWebApiServer.csproj", "{7BD9A5D4-18CE-49F9-81F6-BEB77A59E3AD}"
EndProject
Global
	GlobalSection(SolutionConfigurationPlatforms) = preSolution
		Debug|Any CPU = Debug|Any CPU
		Release|Any CPU = Release|Any CPU
	EndGlobalSection
	GlobalSection(ProjectConfigurationPlatforms) = postSolution
		{7BD9A5D4-18CE-49F9-81F6-BEB77A59E3AD}.Debug|Any CPU.ActiveCfg = Debug|Any CPU
		{7BD9A5D4-18CE-49F9-81F6-BEB77A59E3AD}.Debug|Any CPU.Build.0 = Debug|Any CPU
		{7BD9A5D4-18CE-49F9-81F6-BEB77A59E3AD}.Release|Any CPU.ActiveCfg = Release|Any CPU
		{7BD9A5D4-18CE-49F9-81F6-BEB77A59E3AD}.Release|Any CPU.Build.0 = Release|Any CPU
	EndGlobalSection
	GlobalSection(SolutionProperties) = preSolution
		HideSolutionNode = FALSE
	EndGlobalSection
	GlobalSection(ExtensibilityGlobals) = postSolution
		SolutionGuid = {D1A99F69-62C7-4FB1-9950-1D50D99C1E30}
	EndGlobalSection
EndGlobal
